PODS:
  - Expecta (0.3.1)
  - OBFileTransfer (0.5.2):
    - OBLogger
  - OBLogger (0.2.1)
  - Specta (0.2.1)

DEPENDENCIES:
  - Expecta
  - OBFileTransfer (from `../`)
  - OBLogger
  - Specta (~> 0.2.1)

EXTERNAL SOURCES:
  OBFileTransfer:
    :path: ../

SPEC CHECKSUMS:
  Expecta: 03aabd0a89d8dea843baecb19a7fd7466a69a31d
  OBFileTransfer: f1b4becb207a46f9cd5fcf96f3475776b2fb8990
  OBLogger: 985c0de4b5af9cef058adbbb67d74a2fccdeba9e
  Specta: 9141310f46b1f68b676650ff2854e1ed0b74163a

COCOAPODS: 0.35.0
